{
  "name": "dsl-csv-reader",
  "version": "0.0.1",
  "lockfileVersion": 1,
  "requires": true,
  "dependencies": {
    "@types/node": {
      "version": "12.12.35",
      "resolved": "https://registry.npmjs.org/@types/node/-/node-12.12.35.tgz",
      "integrity": "sha512-ASYsaKecA7TUsDrqIGPNk3JeEox0z/0XR/WsJJ8BIX/9+SkMSImQXKWfU/yBrSyc7ZSE/NPqLu36Nur0miCFfQ==",
      "dev": true
    },
    "data-science-lab-core": {
      "version": "0.0.27",
      "resolved": "https://registry.npmjs.org/data-science-lab-core/-/data-science-lab-core-0.0.27.tgz",
      "integrity": "sha512-QwK5h1ckyyFB9cuy8hk1P38LE1JKUKT6jcRTsEjsmxJOaryulF+L6PYXuzOA7oS3q6ZGFRqr3Gp2WzyiFaroWQ=="
    },
    "typescript": {
      "version": "3.8.3",
      "resolved": "https://registry.npmjs.org/typescript/-/typescript-3.8.3.tgz",
      "integrity": "sha512-MYlEfn5VrLNsgudQTVJeNaQFUAI7DkhnOjdpAp4T+ku1TfQClewlbSuTVHiA+8skNBgaf02TL/kLOvig4y3G8w==",
      "dev": true
    }
  }
}
